// !$*UTF8*$!
{
	archiveVersion = 1;
	classes = {
	};
	objectVersion = 50;
	objects = {

/* Begin PBXBuildFile section */
		7FDF791021F8608500F056E6 /* AppDelegate.swift in Sources */ = {isa = PBXBuildFile; fileRef = 7FDF790F21F8608500F056E6 /* AppDelegate.swift */; };
		7FDF791221F8608500F056E6 /* ViewController.swift in Sources */ = {isa = PBXBuildFile; fileRef = 7FDF791121F8608500F056E6 /* ViewController.swift */; };
		7FDF791521F8608500F056E6 /* Main.storyboard in Resources */ = {isa = PBXBuildFile; fileRef = 7FDF791321F8608500F056E6 /* Main.storyboard */; };
		7FDF791721F8608700F056E6 /* Assets.xcassets in Resources */ = {isa = PBXBuildFile; fileRef = 7FDF791621F8608700F056E6 /* Assets.xcassets */; };
		7FDF791A21F8608700F056E6 /* LaunchScreen.storyboard in Resources */ = {isa = PBXBuildFile; fileRef = 7FDF791821F8608700F056E6 /* LaunchScreen.storyboard */; };
		7FDF792321F865A300F056E6 /* PlayingCard.swift in Sources */ = {isa = PBXBuildFile; fileRef = 7FDF792221F865A300F056E6 /* PlayingCard.swift */; };
		7FDF792521F86CE200F056E6 /* PlayingCardDeck.swift in Sources */ = {isa = PBXBuildFile; fileRef = 7FDF792421F86CE200F056E6 /* PlayingCardDeck.swift */; };
		7FF2D3A121F9C30A008CB47A /* PlayingCardView.swift in Sources */ = {isa = PBXBuildFile; fileRef = 7FF2D3A021F9C30A008CB47A /* PlayingCardView.swift */; };
/* End PBXBuildFile section */

/* Begin PBXFileReference section */
		7FDF790C21F8608500F056E6 /* PlayingCard.app */ = {isa = PBXFileReference; explicitFileType = wrapper.application; includeInIndex = 0; path = PlayingCard.app; sourceTree = BUILT_PRODUCTS_DIR; };
		7FDF790F21F8608500F056E6 /* AppDelegate.swift */ = {isa = PBXFileReference; lastKnownFileType = sourcecode.swift; path = AppDelegate.swift; sourceTree = "<group>"; };
		7FDF791121F8608500F056E6 /* ViewController.swift */ = {isa = PBXFileReference; lastKnownFileType = sourcecode.swift; path = ViewController.swift; sourceTree = "<group>"; };
		7FDF791421F8608500F056E6 /* Base */ = {isa = PBXFileReference; lastKnownFileType = file.storyboard; name = Base; path = Base.lproj/Main.storyboard; sourceTree = "<group>"; };
		7FDF791621F8608700F056E6 /* Assets.xcassets */ = {isa = PBXFileReference; lastKnownFileType = folder.assetcatalog; path = Assets.xcassets; sourceTree = "<group>"; };
		7FDF791921F8608700F056E6 /* Base */ = {isa = PBXFileReference; lastKnownFileType = file.storyboard; name = Base; path = Base.lproj/LaunchScreen.storyboard; sourceTree = "<group>"; };
		7FDF791B21F8608700F056E6 /* Info.plist */ = {isa = PBXFileReference; lastKnownFileType = text.plist.xml; path = Info.plist; sourceTree = "<group>"; };
		7FDF792221F865A300F056E6 /* PlayingCard.swift */ = {isa = PBXFileReference; lastKnownFileType = sourcecode.swift; path = PlayingCard.swift; sourceTree = "<group>"; };
		7FDF792421F86CE200F056E6 /* PlayingCardDeck.swift */ = {isa = PBXFileReference; lastKnownFileType = sourcecode.swift; path = PlayingCardDeck.swift; sourceTree = "<group>"; };
		7FF2D3A021F9C30A008CB47A /* PlayingCardView.swift */ = {isa = PBXFileReference; lastKnownFileType = sourcecode.swift; path = PlayingCardView.swift; sourceTree = "<group>"; };
/* End PBXFileReference section */

/* Begin PBXFrameworksBuildPhase section */
		7FDF790921F8608500F056E6 /* Frameworks */ = {
			isa = PBXFrameworksBuildPhase;
			buildActionMask = 2147483647;
			files = (
			);
			runOnlyForDeploymentPostprocessing = 0;
		};
/* End PBXFrameworksBuildPhase section */

/* Begin PBXGroup section */
		7F0165C5222D61320052B980 /* Model */ = {
			isa = PBXGroup;
			children = (
				7FDF792421F86CE200F056E6 /* PlayingCardDeck.swift */,
				7FDF792221F865A300F056E6 /* PlayingCard.swift */,
			);
			path = Model;
			sourceTree = "<group>";
		};
		7F0165C6222D614E0052B980 /* View */ = {
			isa = PBXGroup;
			children = (
				7FF2D3A021F9C30A008CB47A /* PlayingCardView.swift */,
			);
			path = View;
			sourceTree = "<group>";
		};
		7F0165C7222D615B0052B980 /* Controller */ = {
			isa = PBXGroup;
			children = (
				7FDF791121F8608500F056E6 /* ViewController.swift */,
			);
			path = Controller;
			sourceTree = "<group>";
		};
		7FDF790321F8608500F056E6 = {
			isa = PBXGroup;
			children = (
				7FDF790E21F8608500F056E6 /* PlayingCard */,
				7FDF790D21F8608500F056E6 /* Products */,
			);
			sourceTree = "<group>";
		};
		7FDF790D21F8608500F056E6 /* Products */ = {
			isa = PBXGroup;
			children = (
				7FDF790C21F8608500F056E6 /* PlayingCard.app */,
			);
			name = Products;
			sourceTree = "<group>";
		};
		7FDF790E21F8608500F056E6 /* PlayingCard */ = {
			isa = PBXGroup;
			children = (
				7F0165C7222D615B0052B980 /* Controller */,
				7F0165C6222D614E0052B980 /* View */,
				7F0165C5222D61320052B980 /* Model */,
				7FDF791321F8608500F056E6 /* Main.storyboard */,
				7FDF792121F860DE00F056E6 /* Supporting Files */,
				7FDF791B21F8608700F056E6 /* Info.plist */,
			);
			path = PlayingCard;
			sourceTree = "<group>";
		};
		7FDF792121F860DE00F056E6 /* Supporting Files */ = {
			isa = PBXGroup;
			children = (
				7FDF790F21F8608500F056E6 /* AppDelegate.swift */,
				7FDF791821F8608700F056E6 /* LaunchScreen.storyboard */,
				7FDF791621F8608700F056E6 /* Assets.xcassets */,
			);
			path = "Supporting Files";
			sourceTree = "<group>";
		};
/* End PBXGroup section */

/* Begin PBXNativeTarget section */
		7FDF790B21F8608500F056E6 /* PlayingCard */ = {
			isa = PBXNativeTarget;
			buildConfigurationList = 7FDF791E21F8608700F056E6 /* Build configuration list for PBXNativeTarget "PlayingCard" */;
			buildPhases = (
				7FDF790821F8608500F056E6 /* Sources */,
				7FDF790921F8608500F056E6 /* Frameworks */,
				7FDF790A21F8608500F056E6 /* Resources */,
			);
			buildRules = (
			);
			dependencies = (
			);
			name = PlayingCard;
			productName = PlayingCard;
			productReference = 7FDF790C21F8608500F056E6 /* PlayingCard.app */;
			productType = "com.apple.product-type.application";
		};
/* End PBXNativeTarget section */

/* Begin PBXProject section */
		7FDF790421F8608500F056E6 /* Project object */ = {
			isa = PBXProject;
			attributes = {
				LastSwiftUpdateCheck = 0940;
				LastUpgradeCheck = 0940;
				ORGANIZATIONNAME = Gharib;
				TargetAttributes = {
					7FDF790B21F8608500F056E6 = {
						CreatedOnToolsVersion = 9.4.1;
					};
				};
			};
			buildConfigurationList = 7FDF790721F8608500F056E6 /* Build configuration list for PBXProject "PlayingCard" */;
			compatibilityVersion = "Xcode 9.3";
			developmentRegion = en;
			hasScannedForEncodings = 0;
			knownRegions = (
				en,
				Base,
			);
			mainGroup = 7FDF790321F8608500F056E6;
			productRefGroup = 7FDF790D21F8608500F056E6 /* Products */;
			projectDirPath = "";
			projectRoot = "";
			targets = (
				7FDF790B21F8608500F056E6 /* PlayingCard */,
			);
		};
/* End PBXProject section */

/* Begin PBXResourcesBuildPhase section */
		7FDF790A21F8608500F056E6 /* Resources */ = {
			isa = PBXResourcesBuildPhase;
			buildActionMask = 2147483647;
			files = (
				7FDF791A21F8608700F056E6 /* LaunchScreen.storyboard in Resources */,
				7FDF791721F8608700F056E6 /* Assets.xcassets in Resources */,
				7FDF791521F8608500F056E6 /* Main.storyboard in Resources */,
			);
			runOnlyForDeploymentPostprocessing = 0;
		};
/* End PBXResourcesBuildPhase section */

/* Begin PBXSourcesBuildPhase section */
		7FDF790821F8608500F056E6 /* Sources */ = {
			isa = PBXSourcesBuildPhase;
			buildActionMask = 2147483647;
			files = (
				7FDF791221F8608500F056E6 /* ViewController.swift in Sources */,
				7FDF792521F86CE200F056E6 /* PlayingCardDeck.swift in Sources */,
				7FDF792321F865A300F056E6 /* PlayingCard.swift in Sources */,
				7FF2D3A121F9C30A008CB47A /* PlayingCardView.swift in Sources */,
				7FDF791021F8608500F056E6 /* AppDelegate.swift in Sources */,
			);
			runOnlyForDeploymentPostprocessing = 0;
		};
/* End PBXSourcesBuildPhase section */

/* Begin PBXVariantGroup section */
		7FDF791321F8608500F056E6 /* Main.storyboard */ = {
			isa = PBXVariantGroup;
			children = (
				7FDF791421F8608500F056E6 /* Base */,
			);
			name = Main.storyboard;
			sourceTree = "<group>";
		};
		7FDF791821F8608700F056E6 /* LaunchScreen.storyboard */ = {
			isa = PBXVariantGroup;
			children = (
				7FDF791921F8608700F056E6 /* Base */,
			);
			name = LaunchScreen.storyboard;
			sourceTree = "<group>";
		};
/* End PBXVariantGroup section */

/* Begin XCBuildConfiguration section */
		7FDF791C21F8608700F056E6 /* Debug */ = {
			isa = XCBuildConfiguration;
			buildSettings = {
				ALWAYS_SEARCH_USER_PATHS = NO;
				CLANG_ANALYZER_NONNULL = YES;
				CLANG_ANALYZER_NUMBER_OBJECT_CONVERSION = YES_AGGRESSIVE;
				CLANG_CXX_LANGUAGE_STANDARD = "gnu++14";
				CLANG_CXX_LIBRARY = "libc++";
				CLANG_ENABLE_MODULES = YES;
				CLANG_ENABLE_OBJC_ARC = YES;
				CLANG_ENABLE_OBJC_WEAK = YES;
				CLANG_WARN_BLOCK_CAPTURE_AUTORELEASING = YES;
				CLANG_WARN_BOOL_CONVERSION = YES;
				CLANG_WARN_COMMA = YES;
				CLANG_WARN_CONSTANT_CONVERSION = YES;
				CLANG_WARN_DEPRECATED_OBJC_IMPLEMENTATIONS = YES;
				CLANG_WARN_DIRECT_OBJC_ISA_USAGE = YES_ERROR;
				CLANG_WARN_DOCUMENTATION_COMMENTS = YES;
				CLANG_WARN_EMPTY_BODY = YES;
				CLANG_WARN_ENUM_CONVERSION = YES;
				CLANG_WARN_INFINITE_RECURSION = YES;
				CLANG_WARN_INT_CONVERSION = YES;
				CLANG_WARN_NON_LITERAL_NULL_CONVERSION = YES;
				CLANG_WARN_OBJC_IMPLICIT_RETAIN_SELF = YES;
				CLANG_WARN_OBJC_LITERAL_CONVERSION = YES;
				CLANG_WARN_OBJC_ROOT_CLASS = YES_ERROR;
				CLANG_WARN_RANGE_LOOP_ANALYSIS = YES;
				CLANG_WARN_STRICT_PROTOTYPES = YES;
				CLANG_WARN_SUSPICIOUS_MOVE = YES;
				CLANG_WARN_UNGUARDED_AVAILABILITY = YES_AGGRESSIVE;
				CLANG_WARN_UNREACHABLE_CODE = YES;
				CLANG_WARN__DUPLICATE_METHOD_MATCH = YES;
				CODE_SIGN_IDENTITY = "iPhone Developer";
				COPY_PHASE_STRIP = NO;
				DEBUG_INFORMATION_FORMAT = dwarf;
				ENABLE_STRICT_OBJC_MSGSEND = YES;
				ENABLE_TESTABILITY = YES;
				GCC_C_LANGUAGE_STANDARD = gnu11;
				GCC_DYNAMIC_NO_PIC = NO;
				GCC_NO_COMMON_BLOCKS = YES;
				GCC_OPTIMIZATION_LEVEL = 0;
				GCC_PREPROCESSOR_DEFINITIONS = (
					"DEBUG=1",
					"$(inherited)",
				);
				GCC_WARN_64_TO_32_BIT_CONVERSION = YES;
				GCC_WARN_ABOUT_RETURN_TYPE = YES_ERROR;
				GCC_WARN_UNDECLARED_SELECTOR = YES;
				GCC_WARN_UNINITIALIZED_AUTOS = YES_AGGRESSIVE;
				GCC_WARN_UNUSED_FUNCTION = YES;
				GCC_WARN_UNUSED_VARIABLE = YES;
				IPHONEOS_DEPLOYMENT_TARGET = 11.4;
				MTL_ENABLE_DEBUG_INFO = YES;
				ONLY_ACTIVE_ARCH = YES;
				SDKROOT = iphoneos;
				SWIFT_ACTIVE_COMPILATION_CONDITIONS = DEBUG;
				SWIFT_OPTIMIZATION_LEVEL = "-Onone";
			};
			name = Debug;
		};
		7FDF791D21F8608700F056E6 /* Release */ = {
			isa = XCBuildConfiguration;
			buildSettings = {
				ALWAYS_SEARCH_USER_PATHS = NO;
				CLANG_ANALYZER_NONNULL = YES;
				CLANG_ANALYZER_NUMBER_OBJECT_CONVERSION = YES_AGGRESSIVE;
				CLANG_CXX_LANGUAGE_STANDARD = "gnu++14";
				CLANG_CXX_LIBRARY = "libc++";
				CLANG_ENABLE_MODULES = YES;
				CLANG_ENABLE_OBJC_ARC = YES;
				CLANG_ENABLE_OBJC_WEAK = YES;
				CLANG_WARN_BLOCK_CAPTURE_AUTORELEASING = YES;
				CLANG_WARN_BOOL_CONVERSION = YES;
				CLANG_WARN_COMMA = YES;
				CLANG_WARN_CONSTANT_CONVERSION = YES;
				CLANG_WARN_DEPRECATED_OBJC_IMPLEMENTATIONS = YES;
				CLANG_WARN_DIRECT_OBJC_ISA_USAGE = YES_ERROR;
				CLANG_WARN_DOCUMENTATION_COMMENTS = YES;
				CLANG_WARN_EMPTY_BODY = YES;
				CLANG_WARN_ENUM_CONVERSION = YES;
				CLANG_WARN_INFINITE_RECURSION = YES;
				CLANG_WARN_INT_CONVERSION = YES;
				CLANG_WARN_NON_LITERAL_NULL_CONVERSION = YES;
				CLANG_WARN_OBJC_IMPLICIT_RETAIN_SELF = YES;
				CLANG_WARN_OBJC_LITERAL_CONVERSION = YES;
				CLANG_WARN_OBJC_ROOT_CLASS = YES_ERROR;
				CLANG_WARN_RANGE_LOOP_ANALYSIS = YES;
				CLANG_WARN_STRICT_PROTOTYPES = YES;
				CLANG_WARN_SUSPICIOUS_MOVE = YES;
				CLANG_WARN_UNGUARDED_AVAILABILITY = YES_AGGRESSIVE;
				CLANG_WARN_UNREACHABLE_CODE = YES;
				CLANG_WARN__DUPLICATE_METHOD_MATCH = YES;
				CODE_SIGN_IDENTITY = "iPhone Developer";
				COPY_PHASE_STRIP = NO;
				DEBUG_INFORMATION_FORMAT = "dwarf-with-dsym";
				ENABLE_NS_ASSERTIONS = NO;
				ENABLE_STRICT_OBJC_MSGSEND = YES;
				GCC_C_LANGUAGE_STANDARD = gnu11;
				GCC_NO_COMMON_BLOCKS = YES;
				GCC_WARN_64_TO_32_BIT_CONVERSION = YES;
				GCC_WARN_ABOUT_RETURN_TYPE = YES_ERROR;
				GCC_WARN_UNDECLARED_SELECTOR = YES;
				GCC_WARN_UNINITIALIZED_AUTOS = YES_AGGRESSIVE;
				GCC_WARN_UNUSED_FUNCTION = YES;
				GCC_WARN_UNUSED_VARIABLE = YES;
				IPHONEOS_DEPLOYMENT_TARGET = 11.4;
				MTL_ENABLE_DEBUG_INFO = NO;
				SDKROOT = iphoneos;
				SWIFT_COMPILATION_MODE = wholemodule;
				SWIFT_OPTIMIZATION_LEVEL = "-O";
				VALIDATE_PRODUCT = YES;
			};
			name = Release;
		};
		7FDF791F21F8608700F056E6 /* Debug */ = {
			isa = XCBuildConfiguration;
			buildSettings = {
				ASSETCATALOG_COMPILER_APPICON_NAME = AppIcon;
				CODE_SIGN_STYLE = Automatic;
				INFOPLIST_FILE = PlayingCard/Info.plist;
				LD_RUNPATH_SEARCH_PATHS = (
					"$(inherited)",
					"@executable_path/Frameworks",
				);
				PRODUCT_BUNDLE_IDENTIFIER = islam.PlayingCard;
				PRODUCT_NAME = "$(TARGET_NAME)";
				SWIFT_VERSION = 4.0;
				TARGETED_DEVICE_FAMILY = "1,2";
			};
			name = Debug;
		};
		7FDF792021F8608700F056E6 /* Release */ = {
			isa = XCBuildConfiguration;
			buildSettings = {
				ASSETCATALOG_COMPILER_APPICON_NAME = AppIcon;
				CODE_SIGN_STYLE = Automatic;
				INFOPLIST_FILE = PlayingCard/Info.plist;
				LD_RUNPATH_SEARCH_PATHS = (
					"$(inherited)",
					"@executable_path/Frameworks",
				);
				PRODUCT_BUNDLE_IDENTIFIER = islam.PlayingCard;
				PRODUCT_NAME = "$(TARGET_NAME)";
				SWIFT_VERSION = 4.0;
				TARGETED_DEVICE_FAMILY = "1,2";
			};
			name = Release;
		};
/* End XCBuildConfiguration section */

/* Begin XCConfigurationList section */
		7FDF790721F8608500F056E6 /* Build configuration list for PBXProject "PlayingCard" */ = {
			isa = XCConfigurationList;
			buildConfigurations = (
				7FDF791C21F8608700F056E6 /* Debug */,
				7FDF791D21F8608700F056E6 /* Release */,
			);
			defaultConfigurationIsVisible = 0;
			defaultConfigurationName = Release;
		};
		7FDF791E21F8608700F056E6 /* Build configuration list for PBXNativeTarget "PlayingCard" */ = {
			isa = XCConfigurationList;
			buildConfigurations = (
				7FDF791F21F8608700F056E6 /* Debug */,
				7FDF792021F8608700F056E6 /* Release */,
			);
			defaultConfigurationIsVisible = 0;
			defaultConfigurationName = Release;
		};
/* End XCConfigurationList section */
	};
	rootObject = 7FDF790421F8608500F056E6 /* Project object */;
}
